<?xml version="1.0" encoding="utf-8"?>
<Project ToolsVersion="4.0" xmlns="http://schemas.microsoft.com/developer/msbuild/2003">
  <ItemGroup>
    <Filter Include="Source Files">
      <UniqueIdentifier>{aa2042df-5f3e-4f02-8b35-e76a3652df38}</UniqueIdentifier>
      <Extensions>cpp;c;cxx;rc;def;r;odl;idl;hpj;bat</Extensions>
    </Filter>
    <Filter Include="Header Files">
      <UniqueIdentifier>{a1e8d5ef-7a2a-416d-a940-37b76b2b2342}</UniqueIdentifier>
      <Extensions>h;hpp;hxx;hm;inl</Extensions>
    </Filter>
    <Filter Include="Resource Files">
      <UniqueIdentifier>{851b0e83-18ff-415e-8397-54a73aaf3387}</UniqueIdentifier>
      <Extensions>ico;cur;bmp;dlg;rc2;rct;bin;rgs;gif;jpg;jpeg;jpe</Extensions>
    </Filter>
    <Filter Include="HTML Help Files">
      <UniqueIdentifier>{21d00ac6-d70a-417a-b441-4fac0abadec2}</UniqueIdentifier>
    </Filter>
    <Filter Include="HTML Help Topics">
      <UniqueIdentifier>{bde86862-eb4d-41dc-b1d8-3a97cfd98e57}</UniqueIdentifier>
    </Filter>
  </ItemGroup>
  <ItemGroup>
    <ClCompile Include="AcceptDeclineDlg.cpp">
      <Filter>Source Files</Filter>
    </ClCompile>
    <ClCompile Include="AlegrDiff.cpp">
      <Filter>Source Files</Filter>
    </ClCompile>
    <ClCompile Include="AlegrDiffDoc.cpp">
      <Filter>Source Files</Filter>
    </ClCompile>
    <ClCompile Include="AlegrDiffView.cpp">
      <Filter>Source Files</Filter>
    </ClCompile>
    <ClCompile Include="CommonSources\Utils\ApplicationProfile.cpp">
      <Filter>Source Files</Filter>
    </ClCompile>
    <ClCompile Include="BinaryCompareDoc.cpp">
      <Filter>Source Files</Filter>
    </ClCompile>
    <ClCompile Include="BinaryCompareView.cpp">
      <Filter>Source Files</Filter>
    </ClCompile>
    <ClCompile Include="BinaryGoToDlg.cpp">
      <Filter>Source Files</Filter>
    </ClCompile>
    <ClCompile Include="CHeckFingerprintDlg.cpp">
      <Filter>Source Files</Filter>
    </ClCompile>
    <ClCompile Include="ChildFrm.cpp">
      <Filter>Source Files</Filter>
    </ClCompile>
    <ClCompile Include="CompareDirsDialog.cpp">
      <Filter>Source Files</Filter>
    </ClCompile>
    <ClCompile Include="ComparisonProgressDlg.cpp">
      <Filter>Source Files</Filter>
    </ClCompile>
    <ClCompile Include="DifferenceProgressDialog.cpp">
      <Filter>Source Files</Filter>
    </ClCompile>
    <ClCompile Include="DiffFileView.cpp">
      <Filter>Source Files</Filter>
    </ClCompile>
    <ClCompile Include="DirectoryFingerpringCreateDlg.cpp">
      <Filter>Source Files</Filter>
    </ClCompile>
    <ClCompile Include="DirectoryFingerprintCheckDlg.cpp">
      <Filter>Source Files</Filter>
    </ClCompile>
    <ClCompile Include="DirectoryFingerprintDlg.cpp">
      <Filter>Source Files</Filter>
    </ClCompile>
    <ClCompile Include="CommonSources\UI\FileDialogWithHistory.cpp">
      <Filter>Source Files</Filter>
    </ClCompile>
    <ClCompile Include="FileLine.cpp">
      <Filter>Source Files</Filter>
    </ClCompile>
    <ClCompile Include="FileListSupport.cpp">
      <Filter>Source Files</Filter>
    </ClCompile>
    <ClCompile Include="FilesCompareDialog.cpp">
      <Filter>Source Files</Filter>
    </ClCompile>
    <ClCompile Include="FilesPropertiesDialog.cpp">
      <Filter>Source Files</Filter>
    </ClCompile>
    <ClCompile Include="FindDialog.cpp">
      <Filter>Source Files</Filter>
    </ClCompile>
    <ClCompile Include="CommonSources\UI\FolderDialog.cpp">
      <Filter>Source Files</Filter>
    </ClCompile>
    <ClCompile Include="GotoLineDialog.cpp">
      <Filter>Source Files</Filter>
    </ClCompile>
    <ClCompile Include="MainFrm.cpp">
      <Filter>Source Files</Filter>
    </ClCompile>
    <ClCompile Include="Md5HashCalculator.cpp">
      <Filter>Source Files</Filter>
    </ClCompile>
    <ClCompile Include="CommonSources\UI\MessageBoxSynch.cpp">
      <Filter>Source Files</Filter>
    </ClCompile>
    <ClCompile Include="PreferencesDialog.cpp">
      <Filter>Source Files</Filter>
    </ClCompile>
    <ClCompile Include="CommonSources\UI\ProgressDialog.cpp">
      <Filter>Source Files</Filter>
    </ClCompile>
    <ClCompile Include="SaveFileListDlg.cpp">
      <Filter>Source Files</Filter>
    </ClCompile>
    <ClCompile Include="CommonSources\Utils\SmallAllocator.cpp">
      <Filter>Source Files</Filter>
    </ClCompile>
    <ClCompile Include="StdAfx.cpp">
      <Filter>Source Files</Filter>
    </ClCompile>
  </ItemGroup>
  <ItemGroup>
    <ResourceCompile Include="AlegrDiff.rc">
      <Filter>Source Files</Filter>
    </ResourceCompile>
  </ItemGroup>
  <ItemGroup>
    <ClInclude Include="CommonSources\UI\GdiObjectSave.h">
      <Filter>Source Files</Filter>
    </ClInclude>
    <ClInclude Include="CommonSources\UI\MessageBoxSynch.h">
      <Filter>Source Files</Filter>
    </ClInclude>
    <ClInclude Include="AcceptDeclineDlg.h">
      <Filter>Header Files</Filter>
    </ClInclude>
    <ClInclude Include="AlegrDiff.h">
      <Filter>Header Files</Filter>
    </ClInclude>
    <ClInclude Include="AlegrDiffDoc.h">
      <Filter>Header Files</Filter>
    </ClInclude>
    <ClInclude Include="AlegrDiffVer.h">
      <Filter>Header Files</Filter>
    </ClInclude>
    <ClInclude Include="AlegrDiffView.h">
      <Filter>Header Files</Filter>
    </ClInclude>
    <ClInclude Include="CommonSources\Utils\ApplicationProfile.h">
      <Filter>Header Files</Filter>
    </ClInclude>
    <ClInclude Include="BinaryCompareDoc.h">
      <Filter>Header Files</Filter>
    </ClInclude>
    <ClInclude Include="BinaryCompareView.h">
      <Filter>Header Files</Filter>
    </ClInclude>
    <ClInclude Include="BinaryGoToDlg.h">
      <Filter>Header Files</Filter>
    </ClInclude>
    <ClInclude Include="CHeckFingerprintDlg.h">
      <Filter>Header Files</Filter>
    </ClInclude>
    <ClInclude Include="CommonSources\UI\ChildFrameEx.h">
      <Filter>Header Files</Filter>
    </ClInclude>
    <ClInclude Include="ChildFrm.h">
      <Filter>Header Files</Filter>
    </ClInclude>
    <ClInclude Include="CompareDirsDialog.h">
      <Filter>Header Files</Filter>
    </ClInclude>
    <ClInclude Include="ComparisonProgressDlg.h">
      <Filter>Header Files</Filter>
    </ClInclude>
    <ClInclude Include="DifferenceProgressDialog.h">
      <Filter>Header Files</Filter>
    </ClInclude>
    <ClInclude Include="DiffFileView.h">
      <Filter>Header Files</Filter>
    </ClInclude>
    <ClInclude Include="DirectoryFingerpringCreateDlg.h">
      <Filter>Header Files</Filter>
    </ClInclude>
    <ClInclude Include="DirectoryFingerprintCheckDlg.h">
      <Filter>Header Files</Filter>
    </ClInclude>
    <ClInclude Include="DirectoryFingerprintDlg.h">
      <Filter>Header Files</Filter>
    </ClInclude>
    <ClInclude Include="CommonSources\Utils\FileDialogWithHistory.h">
      <Filter>Header Files</Filter>
    </ClInclude>
    <ClInclude Include="FileLine.h">
      <Filter>Header Files</Filter>
    </ClInclude>
    <ClInclude Include="FileListSupport.h">
      <Filter>Header Files</Filter>
    </ClInclude>
    <ClInclude Include="FilesCompareDialog.h">
      <Filter>Header Files</Filter>
    </ClInclude>
    <ClInclude Include="FilesPropertiesDialog.h">
      <Filter>Header Files</Filter>
    </ClInclude>
    <ClInclude Include="FindDialog.h">
      <Filter>Header Files</Filter>
    </ClInclude>
    <ClInclude Include="CommonSources\UI\FolderDialog.h">
      <Filter>Header Files</Filter>
    </ClInclude>
    <ClInclude Include="GotoLineDialog.h">
      <Filter>Header Files</Filter>
    </ClInclude>
    <ClInclude Include="CommonSources\Utils\KListEntry.h">
      <Filter>Header Files</Filter>
    </ClInclude>
    <ClInclude Include="CommonSources\Utils\LastError.h">
      <Filter>Header Files</Filter>
    </ClInclude>
    <ClInclude Include="CommonSources\UI\MainFrameEx.h">
      <Filter>Header Files</Filter>
    </ClInclude>
    <ClInclude Include="MainFrm.h">
      <Filter>Header Files</Filter>
    </ClInclude>
    <ClInclude Include="Md5HashCalculator.h">
      <Filter>Header Files</Filter>
    </ClInclude>
    <ClInclude Include="CommonSources\Utils\PathEx.h">
      <Filter>Header Files</Filter>
    </ClInclude>
    <ClInclude Include="PreferencesDialog.h">
      <Filter>Header Files</Filter>
    </ClInclude>
    <ClInclude Include="CommonSources\UI\ProgressDialog.h">
      <Filter>Header Files</Filter>
    </ClInclude>
    <ClInclude Include="CommonSources\UI\ResizableDialog.h">
      <Filter>Header Files</Filter>
    </ClInclude>
    <ClInclude Include="SaveFileListDlg.h">
      <Filter>Header Files</Filter>
    </ClInclude>
    <ClInclude Include="CommonSources\Utils\SimpleCriticalSection.h">
      <Filter>Header Files</Filter>
    </ClInclude>
    <ClInclude Include="CommonSources\Utils\SmallAllocator.h">
      <Filter>Header Files</Filter>
    </ClInclude>
    <ClInclude Include="StdAfx.h">
      <Filter>Header Files</Filter>
    </ClInclude>
    <ClInclude Include="CommonSources\UI\UiUpdatedDlg.h">
      <Filter>Header Files</Filter>
    </ClInclude>
    <ClInclude Include="CommonSources\Utils\AdelsonVelskyLandisTree.h">
      <Filter>Header Files</Filter>
    </ClInclude>
  </ItemGroup>
  <ItemGroup>
    <None Include="res\AlegrDiff.ico">
      <Filter>Resource Files</Filter>
    </None>
    <None Include="res\AlegrDiff.rc2">
      <Filter>Resource Files</Filter>
    </None>
    <None Include="res\AlegrDiffDoc.ico">
      <Filter>Resource Files</Filter>
    </None>
    <None Include="res\CheckFingerprint.ico">
      <Filter>Resource Files</Filter>
    </None>
    <None Include="res\CompareDirs.ico">
      <Filter>Resource Files</Filter>
    </None>
    <None Include="res\CreateFingerprint.ico">
      <Filter>Resource Files</Filter>
    </None>
    <None Include="res\cur00002.cur">
      <Filter>Resource Files</Filter>
    </None>
    <None Include="res\cursor1.cur">
      <Filter>Resource Files</Filter>
    </None>
    <None Include="res\FilesDialog.ico">
      <Filter>Resource Files</Filter>
    </None>
    <None Include="res\icon1.ico">
      <Filter>Resource Files</Filter>
    </None>
    <None Include="res\idr_aleg.ico">
      <Filter>Resource Files</Filter>
    </None>
    <None Include="res\Toolbar.bmp">
      <Filter>Resource Files</Filter>
    </None>
    <None Include="hlp\AlegrDiff.hhk">
      <Filter>HTML Help Files</Filter>
    </None>
    <None Include="hlp\afx_hidd_fileopen.htm">
      <Filter>HTML Help Topics</Filter>
    </None>
    <None Include="hlp\afx_hidd_filesave.htm">
      <Filter>HTML Help Topics</Filter>
    </None>
    <None Include="hlp\afx_hidd_print.htm">
      <Filter>HTML Help Topics</Filter>
    </None>
    <None Include="hlp\afx_hidd_printdlg.htm">
      <Filter>HTML Help Topics</Filter>
    </None>
    <None Include="hlp\afx_hidd_printsetup.htm">
      <Filter>HTML Help Topics</Filter>
    </None>
    <None Include="hlp\afx_hidp_default.htm">
      <Filter>HTML Help Topics</Filter>
    </None>
    <None Include="hlp\afx_hidw_dockbar_top.htm">
      <Filter>HTML Help Topics</Filter>
    </None>
    <None Include="hlp\afx_hidw_preview_bar.htm">
      <Filter>HTML Help Topics</Filter>
    </None>
    <None Include="hlp\afx_hidw_status_bar.htm">
      <Filter>HTML Help Topics</Filter>
    </None>
    <None Include="hlp\afx_hidw_toolbar.htm">
      <Filter>HTML Help Topics</Filter>
    </None>
    <None Include="hlp\hid_app_about.htm">
      <Filter>HTML Help Topics</Filter>
    </None>
    <None Include="hlp\hid_app_exit.htm">
      <Filter>HTML Help Topics</Filter>
    </None>
    <None Include="hlp\hid_context_help.htm">
      <Filter>HTML Help Topics</Filter>
    </None>
    <None Include="hlp\hid_edit_copy.htm">
      <Filter>HTML Help Topics</Filter>
    </None>
    <None Include="hlp\hid_edit_find.htm">
      <Filter>HTML Help Topics</Filter>
    </None>
    <None Include="hlp\hid_file_close.htm">
      <Filter>HTML Help Topics</Filter>
    </None>
    <None Include="hlp\hid_file_mru_file1.htm">
      <Filter>HTML Help Topics</Filter>
    </None>
    <None Include="hlp\hid_file_open.htm">
      <Filter>HTML Help Topics</Filter>
    </None>
    <None Include="hlp\hid_file_page_setup.htm">
      <Filter>HTML Help Topics</Filter>
    </None>
    <None Include="hlp\hid_file_print.htm">
      <Filter>HTML Help Topics</Filter>
    </None>
    <None Include="hlp\hid_file_print_preview.htm">
      <Filter>HTML Help Topics</Filter>
    </None>
    <None Include="hlp\hid_file_print_setup.htm">
      <Filter>HTML Help Topics</Filter>
    </None>
    <None Include="hlp\hid_file_save.htm">
      <Filter>HTML Help Topics</Filter>
    </None>
    <None Include="hlp\hid_file_save_as.htm">
      <Filter>HTML Help Topics</Filter>
    </None>
    <None Include="hlp\hid_help_index.htm">
      <Filter>HTML Help Topics</Filter>
    </None>
    <None Include="hlp\hid_help_using.htm">
      <Filter>HTML Help Topics</Filter>
    </None>
    <None Include="hlp\hid_ht_caption.htm">
      <Filter>HTML Help Topics</Filter>
    </None>
    <None Include="hlp\hid_ht_nowhere.htm">
      <Filter>HTML Help Topics</Filter>
    </None>
    <None Include="hlp\hid_next_pane.htm">
      <Filter>HTML Help Topics</Filter>
    </None>
    <None Include="hlp\hid_prev_pane.htm">
      <Filter>HTML Help Topics</Filter>
    </None>
    <None Include="hlp\hid_sc_close.htm">
      <Filter>HTML Help Topics</Filter>
    </None>
    <None Include="hlp\hid_sc_maximize.htm">
      <Filter>HTML Help Topics</Filter>
    </None>
    <None Include="hlp\hid_sc_minimize.htm">
      <Filter>HTML Help Topics</Filter>
    </None>
    <None Include="hlp\hid_sc_move.htm">
      <Filter>HTML Help Topics</Filter>
    </None>
    <None Include="hlp\hid_sc_nextwindow.htm">
      <Filter>HTML Help Topics</Filter>
    </None>
    <None Include="hlp\hid_sc_prevwindow.htm">
      <Filter>HTML Help Topics</Filter>
    </None>
    <None Include="hlp\hid_sc_restore.htm">
      <Filter>HTML Help Topics</Filter>
    </None>
    <None Include="hlp\hid_sc_size.htm">
      <Filter>HTML Help Topics</Filter>
    </None>
    <None Include="hlp\hid_sc_tasklist.htm">
      <Filter>HTML Help Topics</Filter>
    </None>
    <None Include="hlp\hid_view_ruler.htm">
      <Filter>HTML Help Topics</Filter>
    </None>
    <None Include="hlp\hid_view_status_bar.htm">
      <Filter>HTML Help Topics</Filter>
    </None>
    <None Include="hlp\hid_view_toolbar.htm">
      <Filter>HTML Help Topics</Filter>
    </None>
    <None Include="hlp\hid_window_all.htm">
      <Filter>HTML Help Topics</Filter>
    </None>
    <None Include="hlp\hid_window_arrange.htm">
      <Filter>HTML Help Topics</Filter>
    </None>
    <None Include="hlp\hid_window_cascade.htm">
      <Filter>HTML Help Topics</Filter>
    </None>
    <None Include="hlp\hid_window_new.htm">
      <Filter>HTML Help Topics</Filter>
    </None>
    <None Include="hlp\hid_window_split.htm">
      <Filter>HTML Help Topics</Filter>
    </None>
    <None Include="hlp\hid_window_tile.htm">
      <Filter>HTML Help Topics</Filter>
    </None>
    <None Include="hlp\hid_window_tile_horz.htm">
      <Filter>HTML Help Topics</Filter>
    </None>
    <None Include="hlp\hid_window_tile_vert.htm">
      <Filter>HTML Help Topics</Filter>
    </None>
    <None Include="hlp\main_index.htm">
      <Filter>HTML Help Topics</Filter>
    </None>
    <None Include="hlp\menu_edit.htm">
      <Filter>HTML Help Topics</Filter>
    </None>
    <None Include="hlp\menu_file.htm">
      <Filter>HTML Help Topics</Filter>
    </None>
    <None Include="hlp\menu_help.htm">
      <Filter>HTML Help Topics</Filter>
    </None>
    <None Include="hlp\menu_view.htm">
      <Filter>HTML Help Topics</Filter>
    </None>
    <None Include="hlp\menu_window.htm">
      <Filter>HTML Help Topics</Filter>
    </None>
    <None Include="hlp\scrollbars.htm">
      <Filter>HTML Help Topics</Filter>
    </None>
    <None Include="ReadMe.txt" />
    <None Include="CommonSources\Utils\MultiString.inl">
      <Filter>Header Files</Filter>
    </None>
  </ItemGroup>
  <ItemGroup>
    <CustomBuild Include="resource.h">
      <Filter>Header Files</Filter>
    </CustomBuild>
    <CustomBuild Include="hlp\AlegrDiff.hhp">
      <Filter>HTML Help Files</Filter>
    </CustomBuild>
  </ItemGroup>
</Project>